Microsoft Visual Studio Solution File, Format Version 12.00
# Visual Studio Version 17
VisualStudioVersion = 17.5.2.0
MinimumVisualStudioVersion = 10.0.40219.1
Project("{FAE04EC0-301F-11D3-BF4B-00C04F79EFBC}") = "PIndicadores", "PIndicadores\PIndicadores.csproj", "{DCFC9269-7EB0-372E-97DA-BFF34678A36B}"
EndProject
Global
	GlobalSection(SolutionConfigurationPlatforms) = preSolution
		Debug|Any CPU = Debug|Any CPU
		Release|Any CPU = Release|Any CPU
	EndGlobalSection
	GlobalSection(ProjectConfigurationPlatforms) = postSolution
		{DCFC9269-7EB0-372E-97DA-BFF34678A36B}.Debug|Any CPU.ActiveCfg = Debug|Any CPU
		{DCFC9269-7EB0-372E-97DA-BFF34678A36B}.Debug|Any CPU.Build.0 = Debug|Any CPU
		{DCFC9269-7EB0-372E-97DA-BFF34678A36B}.Release|Any CPU.ActiveCfg = Release|Any CPU
		{DCFC9269-7EB0-372E-97DA-BFF34678A36B}.Release|Any CPU.Build.0 = Release|Any CPU
	EndGlobalSection
	GlobalSection(SolutionProperties) = preSolution
		HideSolutionNode = FALSE
	EndGlobalSection
	GlobalSection(ExtensibilityGlobals) = postSolution
		SolutionGuid = {A2DF6376-6BAB-4F4F-9898-F5AA5A8F20A3}
	EndGlobalSection
EndGlobal
